{
  "version": "2",
  "remote": {
    "https://deno.land/x/fresh@1.1.2/runtime.ts": "b02ec1e2e32cf73a33d262b7c9dcab9468ce16cd89fd424196c71003698a4ab0",
    "https://deno.land/x/fresh@1.1.2/src/runtime/csp.ts": "9ee900e9b0b786057b1009da5976298c202d1b86d1f1e4d2510bde5f06530ac9",
    "https://deno.land/x/fresh@1.1.2/src/runtime/head.ts": "0f9932874497ab6e57ed1ba01d549e843523df4a5d36ef97460e7a43e3132fdc",
    "https://deno.land/x/fresh@1.1.2/src/runtime/utils.ts": "8320a874a44bdd5905c7d4b87a0e7a14a6c50a2ed133800e72ae57341e4d4faa",
    "https://deno.land/x/react_icons@0.2.3/bs/mod.ts": "1284fceca194cc29ca09f122593ffb79290754b8963cacce27730d2fdcc6b252",
    "https://deno.land/x/react_icons@0.2.3/fa/mod.ts": "e90c40cdb90081871debc8db1fd520c1b298fbb59f6ead05f688b978c1ed95e5",
    "https://deno.land/x/react_icons@0.2.3/lib/iconBase.tsx": "d1e0874730fefa788897f98b05da75ce9a43edcb7f4d32a033a56f96d79f0cc4",
    "https://deno.land/x/react_icons@0.2.3/lib/iconContext.tsx": "064c0e8b0c50fa774f53c2ccf02001d79fa7853c4bdb39006eb627f81d4cd38f",
    "https://deno.land/x/react_icons@0.2.3/lib/mod.tsx": "18b62460922a9e0cbb1c141d3d3e24b19b4e480f1a72d235ed95f301b82eb7fb",
    "https://esm.sh/*@preact/signals-core@1.0.1": "6a1a93dab743a45866d1c677190aaa97e69e0c3f72b84ad854b99299bea42090",
    "https://esm.sh/*@preact/signals@1.0.3": "944fc7a50d8520baf8594cb52e6405fcdca007db415602ba00519fd43337209d",
    "https://esm.sh/@supabase/supabase-js@2.4.0?target=es2022": "d85a19243e6366e11945243faabfa3f618f506a26828158f42f16ff06c736912",
    "https://esm.sh/preact@10.11.0": "e888b244446037c56f1881173fb51d1f5fa7aae5599e6c5154619346a6a5094e",
    "https://esm.sh/preact@10.11.0/hooks": "2b8ec155eb8b87501663f074acff1d55a9114fa7d88f0b39da06c940af1ff736",
    "https://esm.sh/preact@10.11.0/jsx-runtime": "5c123264f19799ab243211132dded45f6d42d594b5c78dd585f947d07bf20eae",
    "https://esm.sh/stable/preact@10.11.0/deno/hooks.js": "48b7674c1f0c2a0f8a0f758b786f5bc15ba0f7a4f3a356ecc783848f1e4a1c55",
    "https://esm.sh/stable/preact@10.11.0/deno/jsx-runtime.js": "b5a8e96758c20b5dea05802c6f6962b8a95bfdbd476eb4ea51cf3234f6e09271",
    "https://esm.sh/stable/preact@10.11.0/deno/preact.js": "071b515099e5dff2fe56768be62644e32fab702b194171357ccc4d7d1210144a",
    "https://esm.sh/v103/@preact/signals-core@1.0.1/X-ZS8q/deno/signals-core.js": "cceff90da93a32d4885f394e83c5073b124c455e08cd95a8167503d7f962a743",
    "https://esm.sh/v103/@preact/signals-core@1.0.1/X-ZS8q/dist/signals-core.d.ts": "7a2bc0ea4bb4197fe888236017e1429cb3129ca64eb37146f11f102d9513c54d",
    "https://esm.sh/v103/@preact/signals@1.0.3/X-ZS8q/deno/signals.js": "464a574f4493b079bcc66c1518968c4da2c81e2fbe2ab05b6aa10836d8b7c60d",
    "https://esm.sh/v103/@preact/signals@1.0.3/X-ZS8q/dist/signals.d.ts": "f4fbae092f6622b348cc45503aef1a2076ea0c4bf37ab78a691a77220217a027",
    "https://esm.sh/v103/@supabase/functions-js@2.0.0/dist/module/FunctionsClient.d.ts": "ef3d2f4fb207809a3b0eec96066238a25489388c6b38e066be70dfd6c41c65df",
    "https://esm.sh/v103/@supabase/functions-js@2.0.0/dist/module/index.d.ts": "77215ae20a49e5cd6c18054f53e479ffcd70dcea12e7bf6a6a0df86ff9a486f7",
    "https://esm.sh/v103/@supabase/functions-js@2.0.0/dist/module/types.d.ts": "264972165defc2488da3121ddbcb4d7f5438042e10d995d250d87f4a3ff5b2a9",
    "https://esm.sh/v103/@supabase/functions-js@2.0.0/es2022/functions-js.js": "d29677110180b95db992cfa8ed14c33b9c351816b26cd20df2ec0b98e5877278",
    "https://esm.sh/v103/@supabase/gotrue-js@2.7.0/deno/dist/module/lib/types.js": "ea857a1ae5931aee513416fb5d31cadce623861f1532e46fc3edc3e10f6faf6a",
    "https://esm.sh/v103/@supabase/gotrue-js@2.7.0/dist/module/GoTrueAdminApi.d.ts": "526cc3c5f9b976b31144c4f61a9a5c7f1e12472fdb7f9b55cd0625a98d943db2",
    "https://esm.sh/v103/@supabase/gotrue-js@2.7.0/dist/module/GoTrueClient.d.ts": "19a629b15d1328f7b673e1e8279abdd69038c1a783e0abce789a0f7a2211e617",
    "https://esm.sh/v103/@supabase/gotrue-js@2.7.0/dist/module/index.d.ts": "8cdbab5746a3ce56786025593191032aeb560f933279507c260d2bb65e83b636",
    "https://esm.sh/v103/@supabase/gotrue-js@2.7.0/dist/module/lib/errors.d.ts": "aba89c1be014c919b2ed0cd2379d71d9271f85fc8ecc850b23514710184e2b0d",
    "https://esm.sh/v103/@supabase/gotrue-js@2.7.0/dist/module/lib/fetch.d.ts": "0124365bdd93bdaefc37112cad6eafefdb01ae36c657770a64df7dbf5f305342",
    "https://esm.sh/v103/@supabase/gotrue-js@2.7.0/dist/module/lib/helpers.d.ts": "e796fb3014acf38a73dcce31fe43ad464f9222d127b03f8e5a2ff99f66f8be46",
    "https://esm.sh/v103/@supabase/gotrue-js@2.7.0/dist/module/lib/types": "e4a272d5cd051703be033d8a7c39ff4493616245c577e52ff26b994fabcb34c5",
    "https://esm.sh/v103/@supabase/gotrue-js@2.7.0/dist/module/lib/types.d.ts": "6e16e2361d88841c480ad35cbca55a4dd5713cb3297c0f5d1aa8b2d6cc97faf4",
    "https://esm.sh/v103/@supabase/gotrue-js@2.7.0/es2022/gotrue-js.js": "7c6bf04c3da7924bff31352fe62db9a0098c068326e874c947af986cccb9f6d3",
    "https://esm.sh/v103/@supabase/postgrest-js@1.1.1/dist/module/PostgrestBuilder.d.ts": "53a0460f748330c1be55f76afa210fe6097a20aac9af7a2b48c52710e15d793c",
    "https://esm.sh/v103/@supabase/postgrest-js@1.1.1/dist/module/PostgrestClient.d.ts": "70bddc51d63d92a5f6817be70f4e0d232c6758b425792adb6a9912844aa18747",
    "https://esm.sh/v103/@supabase/postgrest-js@1.1.1/dist/module/PostgrestFilterBuilder.d.ts": "a5c93476d23858a561734a206dd583c1b0fe319f3e9856f69e79134608439e62",
    "https://esm.sh/v103/@supabase/postgrest-js@1.1.1/dist/module/PostgrestQueryBuilder.d.ts": "46b4ffa53e3afee3328a902e4c724b19636ca0d1ceb64d7eba02e98fa2be273f",
    "https://esm.sh/v103/@supabase/postgrest-js@1.1.1/dist/module/PostgrestTransformBuilder.d.ts": "6e74821d9c6eca911da2b4aae003feadce8874d4234cbc78c649f59ba5face72",
    "https://esm.sh/v103/@supabase/postgrest-js@1.1.1/dist/module/index.d.ts": "539d964aeedfc1c2832f32e3fdc13969b28170efda9e8b457a322957350071df",
    "https://esm.sh/v103/@supabase/postgrest-js@1.1.1/dist/module/select-query-parser.d.ts": "ccb0e08ef4df890abaccea4450aab5c28bdcf21642a91195a8e93363f0a463b1",
    "https://esm.sh/v103/@supabase/postgrest-js@1.1.1/dist/module/types.d.ts": "8d9f16269624f9d48594061cc2bc43c52823b1be77360c585e7c8e5c498b32a3",
    "https://esm.sh/v103/@supabase/postgrest-js@1.1.1/es2022/postgrest-js.js": "484e6d88b8747c1be5b13d7b8d0a47f91744d4a5a8620c024cef3da48da9eb17",
    "https://esm.sh/v103/@supabase/realtime-js@2.3.1/dist/module/RealtimeChannel.d.ts": "d61eabfcda5f264001ece1ba28b329b85c4518e43de69e05629f667d1a077eeb",
    "https://esm.sh/v103/@supabase/realtime-js@2.3.1/dist/module/RealtimeClient.d.ts": "f3df0873f1151c1b9a729306e7542f79b50fdcc558798731795562e53ea6d608",
    "https://esm.sh/v103/@supabase/realtime-js@2.3.1/dist/module/RealtimePresence.d.ts": "bfe305f48a20447d5253bbd89e4d8b8c35883784462629515bacc72d075acb49",
    "https://esm.sh/v103/@supabase/realtime-js@2.3.1/dist/module/index.d.ts": "eeff0dbcd61707a889eb2370cf3617ef42ddc2f71d7d4d18e1e43542893c066d",
    "https://esm.sh/v103/@supabase/realtime-js@2.3.1/dist/module/lib/constants.d.ts": "b8392f2eb7cf41c3479c142875adbbe4b48bfafdced532165abc1cc68aa20cb5",
    "https://esm.sh/v103/@supabase/realtime-js@2.3.1/dist/module/lib/push.d.ts": "65459f6c4c166a7264b5a7a761414c9bf4e0d2dbf0803e1e53e2ecefdbaa1e1d",
    "https://esm.sh/v103/@supabase/realtime-js@2.3.1/dist/module/lib/serializer.d.ts": "4990f875f6e9a1898655fdba7b822222f8b930bfb7c9253b4f047aa4b05d4ca1",
    "https://esm.sh/v103/@supabase/realtime-js@2.3.1/dist/module/lib/timer.d.ts": "ddf170afd193dc372316ed1f4a087f0e9732a5b8bd9cb9e5c3ac74f1cc676e31",
    "https://esm.sh/v103/@supabase/realtime-js@2.3.1/es2022/realtime-js.js": "a82e9714f8ef1dd21968ab7d818ed944b8cc4f28ffa4cc668acbff3600787ad3",
    "https://esm.sh/v103/@supabase/storage-js@2.1.0/dist/module/StorageClient.d.ts": "716bdde7f3ea8f49606ac540ceb4b410facb9526668711ffb5676f7935f3408d",
    "https://esm.sh/v103/@supabase/storage-js@2.1.0/dist/module/index.d.ts": "07800a0eea5587ec26d8932a4f5f10871b9e017292ab05b74b27154fb5f98860",
    "https://esm.sh/v103/@supabase/storage-js@2.1.0/dist/module/lib/errors.d.ts": "753c82a97a0e1b05fec3989af93e4fbf2f4a3da3957584613768593ef5cc8bfc",
    "https://esm.sh/v103/@supabase/storage-js@2.1.0/dist/module/lib/fetch.d.ts": "18b68d37f6564cc754ade6371fc7e655a775e91b10abf0f45d0c037b93436761",
    "https://esm.sh/v103/@supabase/storage-js@2.1.0/dist/module/lib/types.d.ts": "1ad0ab22bed5b3a00fd990bd01eefa65deb980d8991698aba99a08ab8152f3f5",
    "https://esm.sh/v103/@supabase/storage-js@2.1.0/dist/module/packages/StorageBucketApi.d.ts": "fcdbe1b00e3430099530a00a3cfb446e5065a715e0eaae55ae3fcc681de38e29",
    "https://esm.sh/v103/@supabase/storage-js@2.1.0/dist/module/packages/StorageFileApi.d.ts": "2e7842343630ea7c3575e5de80b841a58dddaa434edb643546822c405bc6197d",
    "https://esm.sh/v103/@supabase/storage-js@2.1.0/es2022/storage-js.js": "7387716bafcc55f3ba1672271d5b51830c6bd32acca5c3142ddf1d52c8208bf3",
    "https://esm.sh/v103/@supabase/supabase-js@2.4.0/dist/module/SupabaseClient.d.ts": "ef1ce79d2f1b0b02f13118afe61181bfb60966304d082ebd5f72fb1608d95b68",
    "https://esm.sh/v103/@supabase/supabase-js@2.4.0/dist/module/index.d.ts": "17b440ef6e7d3eae1b11724ffc41d08f2a1cecc9280bd78600140c355e29163b",
    "https://esm.sh/v103/@supabase/supabase-js@2.4.0/dist/module/lib/SupabaseAuthClient.d.ts": "581da8d450287287756c5689346366d2a5eb92f7bb2330bc2ab6a74be4894311",
    "https://esm.sh/v103/@supabase/supabase-js@2.4.0/dist/module/lib/types.d.ts": "7f3aaef293f9fe4d2ca11855fb75dc7a05880b69c7d32cba20c9489fc427da85",
    "https://esm.sh/v103/@supabase/supabase-js@2.4.0/es2022/supabase-js.js": "699cf3be658b99922b93819785fe5b604cd78369ed3198107c27c478b727fe6b",
    "https://esm.sh/v103/@types/phoenix@1.5.4/index.d.ts": "5bedfe185f19a13c7df212e1eec2584b710b9db5fd5e73b767df2e6116313565",
    "https://esm.sh/v103/cross-fetch@3.1.5/es2022/cross-fetch.js": "962fed54709ced4c9237d5a9afc7c796f417c62d6f2e38a09a72573123e6386f",
    "https://esm.sh/v103/es5-ext@0.10.62/es2022/global.js": "15df0fbe0cd932d924b3e676fe832c35c190d43d0c619c837b067a64563516cc",
    "https://esm.sh/v103/node.ns.d.ts": "0fb081f0cd2150931bd54baa04f31466abd9ca701fd9060d07931402cf8367ba",
    "https://esm.sh/v103/node_buffer.js": "445d389cb8c9f9fad5ff869ca2c2a863d178d410795ebd5f2f39d9a029156d56",
    "https://esm.sh/v103/preact@10.11.0/hooks/src/index.d.ts": "5c29febb624fc25d71cb0e125848c9b711e233337a08f7eacfade38fd4c14cc3",
    "https://esm.sh/v103/preact@10.11.0/jsx-runtime/src/index.d.ts": "e153460ed2b3fe2ad8b93696ecd48fbf73cd628b0b0ea6692b71804a3af69dfd",
    "https://esm.sh/v103/preact@10.11.0/src/index.d.ts": "1a5c331227be54be6515b0c92a469d352834fa413963ae84a39a05a3177111f6",
    "https://esm.sh/v103/preact@10.11.0/src/jsx.d.ts": "c423715fd7992b2e1446fea11d2d04e8adbd66c1edca1ce5e85f90e0d26a2eb2",
    "https://esm.sh/v103/websocket@1.0.34/es2022/websocket.js": "1182cbac749eed1a0879bfbac2940ba836d88822e175cb5401f627a220dc625a"
  }
}
